
Microsoft Visual Studio Solution File, Format Version 12.00
# Visual Studio Version 16
VisualStudioVersion = 16.0.28922.388
MinimumVisualStudioVersion = 10.0.40219.1
Project("{9A19103F-16F7-4668-BE54-9A1E7A4F7556}") = "EBuEf2IVUVehicle", "EBuEf2IVUVehicle\EBuEf2IVUVehicle.csproj", "{76530AC2-D9B7-46C5-B140-4FB7068C78E5}"
EndProject
Project("{9A19103F-16F7-4668-BE54-9A1E7A4F7556}") = "DatabaseConnector", "Services\DatabaseConnector\DatabaseConnector.csproj", "{6CDC3AAE-48BF-408E-A554-028916847682}"
EndProject
Project("{9A19103F-16F7-4668-BE54-9A1E7A4F7556}") = "Common", "Common\Common.csproj", "{9B60D84D-DA2D-4487-85EE-FA259EB80403}"
EndProject
Project("{9A19103F-16F7-4668-BE54-9A1E7A4F7556}") = "MessageReceiver", "Services\MessageReceiver\MessageReceiver.csproj", "{D98CEFE4-06DB-4F43-B6C8-2FBEB40435E1}"
EndProject
Project("{9A19103F-16F7-4668-BE54-9A1E7A4F7556}") = "RealtimeSender", "Services\RealtimeSender\RealtimeSender.csproj", "{B48CB5E9-6C72-49B8-B60F-38F0C28DBBC8}"
EndProject
Project("{9A19103F-16F7-4668-BE54-9A1E7A4F7556}") = "RegexExtensions", "..\Extensions\RegexExtensions\RegexExtensions.csproj", "{DAE0F974-DA2C-42A3-AF59-589E41AC89C7}"
EndProject
Project("{9A19103F-16F7-4668-BE54-9A1E7A4F7556}") = "ConverterExtensions", "..\Extensions\ConverterExtensions\ConverterExtensions.csproj", "{EB7E8EBE-9858-4E78-A161-560E38ABF079}"
EndProject
Project("{9A19103F-16F7-4668-BE54-9A1E7A4F7556}") = "EBuEf2IVUCrew", "EBuEf2IVUCrew\EBuEf2IVUCrew.csproj", "{03F5CEF5-C13B-4500-9F8A-C3A14FD3E476}"
EndProject
Project("{2150E333-8FDC-42A3-9474-1A3956D46DE8}") = "Extensions", "Extensions", "{4129F1CE-BB62-40CD-847F-A58EFE37390B}"
EndProject
Project("{2150E333-8FDC-42A3-9474-1A3956D46DE8}") = "Services", "Services", "{B66A038D-89B1-4317-BD2D-85C054B7CA12}"
EndProject
Project("{9A19103F-16F7-4668-BE54-9A1E7A4F7556}") = "StateHandler", "Services\StateHandler\StateHandler.csproj", "{1CBAA357-9855-4551-8D96-8E576150EDB2}"
EndProject
Project("{9A19103F-16F7-4668-BE54-9A1E7A4F7556}") = "CrewChecker", "Services\CrewChecker\CrewChecker.csproj", "{DAFDF6EE-8018-4DA1-9018-1BFCF3D439BF}"
EndProject
Project("{2150E333-8FDC-42A3-9474-1A3956D46DE8}") = "Helpers", "Helpers", "{FE0A8D2B-C3EB-4238-8107-43B3B287E59C}"
EndProject
Project("{9A19103F-16F7-4668-BE54-9A1E7A4F7556}") = "WebServiceBase", "..\WebServiceBase\WebServiceBase.csproj", "{00DE6734-FD48-4ED0-854F-CEA4E031E795}"
EndProject
Global
	GlobalSection(SolutionConfigurationPlatforms) = preSolution
		Debug|Any CPU = Debug|Any CPU
		Release|Any CPU = Release|Any CPU
	EndGlobalSection
	GlobalSection(ProjectConfigurationPlatforms) = postSolution
		{76530AC2-D9B7-46C5-B140-4FB7068C78E5}.Debug|Any CPU.ActiveCfg = Debug|Any CPU
		{76530AC2-D9B7-46C5-B140-4FB7068C78E5}.Debug|Any CPU.Build.0 = Debug|Any CPU
		{76530AC2-D9B7-46C5-B140-4FB7068C78E5}.Release|Any CPU.ActiveCfg = Release|Any CPU
		{76530AC2-D9B7-46C5-B140-4FB7068C78E5}.Release|Any CPU.Build.0 = Release|Any CPU
		{6CDC3AAE-48BF-408E-A554-028916847682}.Debug|Any CPU.ActiveCfg = Debug|Any CPU
		{6CDC3AAE-48BF-408E-A554-028916847682}.Debug|Any CPU.Build.0 = Debug|Any CPU
		{6CDC3AAE-48BF-408E-A554-028916847682}.Release|Any CPU.ActiveCfg = Release|Any CPU
		{6CDC3AAE-48BF-408E-A554-028916847682}.Release|Any CPU.Build.0 = Release|Any CPU
		{9B60D84D-DA2D-4487-85EE-FA259EB80403}.Debug|Any CPU.ActiveCfg = Debug|Any CPU
		{9B60D84D-DA2D-4487-85EE-FA259EB80403}.Debug|Any CPU.Build.0 = Debug|Any CPU
		{9B60D84D-DA2D-4487-85EE-FA259EB80403}.Release|Any CPU.ActiveCfg = Release|Any CPU
		{9B60D84D-DA2D-4487-85EE-FA259EB80403}.Release|Any CPU.Build.0 = Release|Any CPU
		{D98CEFE4-06DB-4F43-B6C8-2FBEB40435E1}.Debug|Any CPU.ActiveCfg = Debug|Any CPU
		{D98CEFE4-06DB-4F43-B6C8-2FBEB40435E1}.Debug|Any CPU.Build.0 = Debug|Any CPU
		{D98CEFE4-06DB-4F43-B6C8-2FBEB40435E1}.Release|Any CPU.ActiveCfg = Release|Any CPU
		{D98CEFE4-06DB-4F43-B6C8-2FBEB40435E1}.Release|Any CPU.Build.0 = Release|Any CPU
		{B48CB5E9-6C72-49B8-B60F-38F0C28DBBC8}.Debug|Any CPU.ActiveCfg = Debug|Any CPU
		{B48CB5E9-6C72-49B8-B60F-38F0C28DBBC8}.Debug|Any CPU.Build.0 = Debug|Any CPU
		{B48CB5E9-6C72-49B8-B60F-38F0C28DBBC8}.Release|Any CPU.ActiveCfg = Release|Any CPU
		{B48CB5E9-6C72-49B8-B60F-38F0C28DBBC8}.Release|Any CPU.Build.0 = Release|Any CPU
		{DAE0F974-DA2C-42A3-AF59-589E41AC89C7}.Debug|Any CPU.ActiveCfg = Debug|Any CPU
		{DAE0F974-DA2C-42A3-AF59-589E41AC89C7}.Debug|Any CPU.Build.0 = Debug|Any CPU
		{DAE0F974-DA2C-42A3-AF59-589E41AC89C7}.Release|Any CPU.ActiveCfg = Release|Any CPU
		{DAE0F974-DA2C-42A3-AF59-589E41AC89C7}.Release|Any CPU.Build.0 = Release|Any CPU
		{EB7E8EBE-9858-4E78-A161-560E38ABF079}.Debug|Any CPU.ActiveCfg = Debug|Any CPU
		{EB7E8EBE-9858-4E78-A161-560E38ABF079}.Debug|Any CPU.Build.0 = Debug|Any CPU
		{EB7E8EBE-9858-4E78-A161-560E38ABF079}.Release|Any CPU.ActiveCfg = Release|Any CPU
		{EB7E8EBE-9858-4E78-A161-560E38ABF079}.Release|Any CPU.Build.0 = Release|Any CPU
		{03F5CEF5-C13B-4500-9F8A-C3A14FD3E476}.Debug|Any CPU.ActiveCfg = Debug|Any CPU
		{03F5CEF5-C13B-4500-9F8A-C3A14FD3E476}.Debug|Any CPU.Build.0 = Debug|Any CPU
		{03F5CEF5-C13B-4500-9F8A-C3A14FD3E476}.Release|Any CPU.ActiveCfg = Release|Any CPU
		{03F5CEF5-C13B-4500-9F8A-C3A14FD3E476}.Release|Any CPU.Build.0 = Release|Any CPU
		{1CBAA357-9855-4551-8D96-8E576150EDB2}.Debug|Any CPU.ActiveCfg = Debug|Any CPU
		{1CBAA357-9855-4551-8D96-8E576150EDB2}.Debug|Any CPU.Build.0 = Debug|Any CPU
		{1CBAA357-9855-4551-8D96-8E576150EDB2}.Release|Any CPU.ActiveCfg = Release|Any CPU
		{1CBAA357-9855-4551-8D96-8E576150EDB2}.Release|Any CPU.Build.0 = Release|Any CPU
		{DAFDF6EE-8018-4DA1-9018-1BFCF3D439BF}.Debug|Any CPU.ActiveCfg = Debug|Any CPU
		{DAFDF6EE-8018-4DA1-9018-1BFCF3D439BF}.Debug|Any CPU.Build.0 = Debug|Any CPU
		{DAFDF6EE-8018-4DA1-9018-1BFCF3D439BF}.Release|Any CPU.ActiveCfg = Release|Any CPU
		{DAFDF6EE-8018-4DA1-9018-1BFCF3D439BF}.Release|Any CPU.Build.0 = Release|Any CPU
		{00DE6734-FD48-4ED0-854F-CEA4E031E795}.Debug|Any CPU.ActiveCfg = Debug|Any CPU
		{00DE6734-FD48-4ED0-854F-CEA4E031E795}.Debug|Any CPU.Build.0 = Debug|Any CPU
		{00DE6734-FD48-4ED0-854F-CEA4E031E795}.Release|Any CPU.ActiveCfg = Release|Any CPU
		{00DE6734-FD48-4ED0-854F-CEA4E031E795}.Release|Any CPU.Build.0 = Release|Any CPU
	EndGlobalSection
	GlobalSection(SolutionProperties) = preSolution
		HideSolutionNode = FALSE
	EndGlobalSection
	GlobalSection(NestedProjects) = preSolution
		{6CDC3AAE-48BF-408E-A554-028916847682} = {B66A038D-89B1-4317-BD2D-85C054B7CA12}
		{D98CEFE4-06DB-4F43-B6C8-2FBEB40435E1} = {B66A038D-89B1-4317-BD2D-85C054B7CA12}
		{B48CB5E9-6C72-49B8-B60F-38F0C28DBBC8} = {B66A038D-89B1-4317-BD2D-85C054B7CA12}
		{DAE0F974-DA2C-42A3-AF59-589E41AC89C7} = {4129F1CE-BB62-40CD-847F-A58EFE37390B}
		{EB7E8EBE-9858-4E78-A161-560E38ABF079} = {4129F1CE-BB62-40CD-847F-A58EFE37390B}
		{1CBAA357-9855-4551-8D96-8E576150EDB2} = {B66A038D-89B1-4317-BD2D-85C054B7CA12}
		{DAFDF6EE-8018-4DA1-9018-1BFCF3D439BF} = {B66A038D-89B1-4317-BD2D-85C054B7CA12}
		{00DE6734-FD48-4ED0-854F-CEA4E031E795} = {FE0A8D2B-C3EB-4238-8107-43B3B287E59C}
	EndGlobalSection
	GlobalSection(ExtensibilityGlobals) = postSolution
		SolutionGuid = {E929A830-61A1-48FF-9596-23961F1A08C4}
	EndGlobalSection
EndGlobal
