
Microsoft Visual Studio Solution File, Format Version 12.00
# Visual Studio Version 17
VisualStudioVersion = 17.2.32602.215
MinimumVisualStudioVersion = 10.0.40219.1
Project("{9A19103F-16F7-4668-BE54-9A1E7A4F7556}") = "DatabaseConnector", "Services\DatabaseConnector\DatabaseConnector.csproj", "{6CDC3AAE-48BF-408E-A554-028916847682}"
EndProject
Project("{9A19103F-16F7-4668-BE54-9A1E7A4F7556}") = "Commons", "Commons\Commons.csproj", "{9B60D84D-DA2D-4487-85EE-FA259EB80403}"
EndProject
Project("{9A19103F-16F7-4668-BE54-9A1E7A4F7556}") = "MulticastReceiver", "Services\MulticastReceiver\MulticastReceiver.csproj", "{D98CEFE4-06DB-4F43-B6C8-2FBEB40435E1}"
EndProject
Project("{2150E333-8FDC-42A3-9474-1A3956D46DE8}") = "Services", "Services", "{B66A038D-89B1-4317-BD2D-85C054B7CA12}"
EndProject
Project("{9A19103F-16F7-4668-BE54-9A1E7A4F7556}") = "StateHandler", "Services\StateHandler\StateHandler.csproj", "{1CBAA357-9855-4551-8D96-8E576150EDB2}"
EndProject
Project("{9A19103F-16F7-4668-BE54-9A1E7A4F7556}") = "CrewChecker", "Services\CrewChecker\CrewChecker.csproj", "{DAFDF6EE-8018-4DA1-9018-1BFCF3D439BF}"
EndProject
Project("{2150E333-8FDC-42A3-9474-1A3956D46DE8}") = "Programs", "Programs", "{C7375F97-1086-40C2-A1AD-43E3731F0987}"
EndProject
Project("{9A19103F-16F7-4668-BE54-9A1E7A4F7556}") = "EBuEf2IVUBase", "Programs\EBuEf2IVUBase\EBuEf2IVUBase.csproj", "{2868B473-BDF3-4123-A814-1B3F61C0AD0A}"
EndProject
Project("{9A19103F-16F7-4668-BE54-9A1E7A4F7556}") = "TrainPathSender", "Services\TrainPathSender\TrainPathSender.csproj", "{454BB9BC-3567-496C-AA8E-C6478ECBFFC4}"
EndProject
Project("{2150E333-8FDC-42A3-9474-1A3956D46DE8}") = "Tests", "Tests", "{0AF50D50-8827-4EE7-BA50-79DDCED4B1F6}"
EndProject
Project("{9A19103F-16F7-4668-BE54-9A1E7A4F7556}") = "EBuEf2IVUCrew", "Programs\EBuEf2IVUCrew\EBuEf2IVUCrew.csproj", "{EC76D3A1-D9D5-48A5-8052-DBD7C6F5115A}"
EndProject
Project("{9A19103F-16F7-4668-BE54-9A1E7A4F7556}") = "EBuEf2IVUPath", "Programs\EBuEf2IVUPath\EBuEf2IVUPath.csproj", "{DD4DD574-820E-4990-9416-B94CC5946EB9}"
EndProject
Project("{9A19103F-16F7-4668-BE54-9A1E7A4F7556}") = "EBuEf2IVUVehicle", "Programs\EBuEf2IVUVehicle\EBuEf2IVUVehicle.csproj", "{05431AD4-F1D2-4E77-B6FA-FE635C844A8D}"
EndProject
Project("{9A19103F-16F7-4668-BE54-9A1E7A4F7556}") = "RealtimeSenderIS", "Services\RealtimeSenderIS\RealtimeSenderIS.csproj", "{0A5D7024-FAAE-42C5-9663-F37E6EF89581}"
EndProject
Project("{9A19103F-16F7-4668-BE54-9A1E7A4F7556}") = "RealtimeSender", "Services\RealtimeSender\RealtimeSender.csproj", "{7913460D-2CCC-4102-B359-46DC3AD78B2F}"
EndProject
Project("{2150E333-8FDC-42A3-9474-1A3956D46DE8}") = "Programs", "Programs", "{E40BA90C-AF91-4D0B-A6BB-EA38BE3DB64F}"
EndProject
Project("{2150E333-8FDC-42A3-9474-1A3956D46DE8}") = "Services", "Services", "{EB4A5585-B06C-492D-B1C8-451FC1EEBAD2}"
EndProject
Project("{2150E333-8FDC-42A3-9474-1A3956D46DE8}") = "Commons", "Commons", "{AAE4D9F2-DC90-481C-A95C-9190F77D455D}"
EndProject
Project("{9A19103F-16F7-4668-BE54-9A1E7A4F7556}") = "CommonTests", "Tests\Commons\CommonTests\CommonTests.csproj", "{9B1C2D73-394D-4B71-B683-4B44AB4526F7}"
EndProject
Project("{9A19103F-16F7-4668-BE54-9A1E7A4F7556}") = "EBuEf2IVUTestBase", "Tests\Commons\EBuEf2IVUTestBase\EBuEf2IVUTestBase.csproj", "{AF62EFE0-AE1D-4E9C-B169-8C5208E99D90}"
EndProject
Project("{9A19103F-16F7-4668-BE54-9A1E7A4F7556}") = "EBuEf2IVUCrewTests", "Tests\Programs\EBuEf2IVUCrewTests\EBuEf2IVUCrewTests.csproj", "{61A091BE-F419-4FC6-B6D1-C710CF362BE3}"
EndProject
Project("{9A19103F-16F7-4668-BE54-9A1E7A4F7556}") = "EBuEf2IVUPathTests", "Tests\Programs\EBuEf2IVUPathTests\EBuEf2IVUPathTests.csproj", "{5591D661-E9BE-44FE-AF5E-A81964DA66DF}"
EndProject
Project("{9A19103F-16F7-4668-BE54-9A1E7A4F7556}") = "EBuEf2IVUVehicleTests", "Tests\Programs\EBuEf2IVUVehicleTests\EBuEf2IVUVehicleTests.csproj", "{06C3E0C7-5762-43F2-9F31-AFF5C291DCBB}"
EndProject
Project("{9A19103F-16F7-4668-BE54-9A1E7A4F7556}") = "RealTimeSenderTests", "Tests\Services\RealTimeSenderTests\RealTimeSenderTests.csproj", "{BA621354-E031-4FE4-9542-7F41DB0C6FA5}"
EndProject
Project("{9A19103F-16F7-4668-BE54-9A1E7A4F7556}") = "TrainPathSenderTests", "Tests\Services\TrainPathSenderTests\TrainPathSenderTests.csproj", "{8E2917E9-86E7-4C9D-BA9D-136DF3C226DC}"
EndProject
Project("{9A19103F-16F7-4668-BE54-9A1E7A4F7556}") = "Message2LegConverter", "Services\Message2LegConverter\Message2LegConverter.csproj", "{7223DA49-C402-4B7F-AC1A-B4185E47044E}"
EndProject
Project("{9A19103F-16F7-4668-BE54-9A1E7A4F7556}") = "Message2TrainRunConverter", "Services\Message2TrainRunConverter\Message2TrainRunConverter.csproj", "{59E9EC19-E624-4518-9ACD-B3723D493193}"
EndProject
Project("{2150E333-8FDC-42A3-9474-1A3956D46DE8}") = "Additionals", "Additionals", "{032BE8ED-2172-4A71-B280-2309E66AAB54}"
	ProjectSection(SolutionItems) = preProject
		Create_Docker.sh = Create_Docker.sh
		Create_Linux.bat = Create_Linux.bat
		Create_Linux.sh = Create_Linux.sh
		docker-compose.yml = docker-compose.yml
		README.md = README.md
	EndProjectSection
EndProject
Project("{9A19103F-16F7-4668-BE54-9A1E7A4F7556}") = "MQTTReceiver", "Services\MQTTReceiver\MQTTReceiver.csproj", "{BD994678-DD40-4C8E-AADF-3AE84960466F}"
EndProject
Project("{9A19103F-16F7-4668-BE54-9A1E7A4F7556}") = "MQTTReceiverTests", "Tests\Services\MQTTReceiverTests\MQTTReceiverTests.csproj", "{B2C14665-C9EF-49F4-80B4-594E3852BB11}"
EndProject
Project("{9A19103F-16F7-4668-BE54-9A1E7A4F7556}") = "DatabaseConnectorTests", "Tests\Services\DatabaseConnectorTests\DatabaseConnectorTests.csproj", "{51CE733A-900C-4877-84BC-CD85C4913030}"
EndProject
Project("{9A19103F-16F7-4668-BE54-9A1E7A4F7556}") = "CrewCheckerTests", "Tests\Services\CrewCheckerTests\CrewCheckerTests.csproj", "{A2A3FBB1-A2A1-4219-9844-4E60CE07A44E}"
EndProject
Global
	GlobalSection(SolutionConfigurationPlatforms) = preSolution
		Debug|Any CPU = Debug|Any CPU
		Release|Any CPU = Release|Any CPU
	EndGlobalSection
	GlobalSection(ProjectConfigurationPlatforms) = postSolution
		{6CDC3AAE-48BF-408E-A554-028916847682}.Debug|Any CPU.ActiveCfg = Debug|Any CPU
		{6CDC3AAE-48BF-408E-A554-028916847682}.Debug|Any CPU.Build.0 = Debug|Any CPU
		{6CDC3AAE-48BF-408E-A554-028916847682}.Release|Any CPU.ActiveCfg = Release|Any CPU
		{6CDC3AAE-48BF-408E-A554-028916847682}.Release|Any CPU.Build.0 = Release|Any CPU
		{9B60D84D-DA2D-4487-85EE-FA259EB80403}.Debug|Any CPU.ActiveCfg = Debug|Any CPU
		{9B60D84D-DA2D-4487-85EE-FA259EB80403}.Debug|Any CPU.Build.0 = Debug|Any CPU
		{9B60D84D-DA2D-4487-85EE-FA259EB80403}.Release|Any CPU.ActiveCfg = Release|Any CPU
		{9B60D84D-DA2D-4487-85EE-FA259EB80403}.Release|Any CPU.Build.0 = Release|Any CPU
		{D98CEFE4-06DB-4F43-B6C8-2FBEB40435E1}.Debug|Any CPU.ActiveCfg = Debug|Any CPU
		{D98CEFE4-06DB-4F43-B6C8-2FBEB40435E1}.Debug|Any CPU.Build.0 = Debug|Any CPU
		{D98CEFE4-06DB-4F43-B6C8-2FBEB40435E1}.Release|Any CPU.ActiveCfg = Release|Any CPU
		{D98CEFE4-06DB-4F43-B6C8-2FBEB40435E1}.Release|Any CPU.Build.0 = Release|Any CPU
		{1CBAA357-9855-4551-8D96-8E576150EDB2}.Debug|Any CPU.ActiveCfg = Debug|Any CPU
		{1CBAA357-9855-4551-8D96-8E576150EDB2}.Debug|Any CPU.Build.0 = Debug|Any CPU
		{1CBAA357-9855-4551-8D96-8E576150EDB2}.Release|Any CPU.ActiveCfg = Release|Any CPU
		{1CBAA357-9855-4551-8D96-8E576150EDB2}.Release|Any CPU.Build.0 = Release|Any CPU
		{DAFDF6EE-8018-4DA1-9018-1BFCF3D439BF}.Debug|Any CPU.ActiveCfg = Debug|Any CPU
		{DAFDF6EE-8018-4DA1-9018-1BFCF3D439BF}.Debug|Any CPU.Build.0 = Debug|Any CPU
		{DAFDF6EE-8018-4DA1-9018-1BFCF3D439BF}.Release|Any CPU.ActiveCfg = Release|Any CPU
		{DAFDF6EE-8018-4DA1-9018-1BFCF3D439BF}.Release|Any CPU.Build.0 = Release|Any CPU
		{2868B473-BDF3-4123-A814-1B3F61C0AD0A}.Debug|Any CPU.ActiveCfg = Debug|Any CPU
		{2868B473-BDF3-4123-A814-1B3F61C0AD0A}.Debug|Any CPU.Build.0 = Debug|Any CPU
		{2868B473-BDF3-4123-A814-1B3F61C0AD0A}.Release|Any CPU.ActiveCfg = Release|Any CPU
		{2868B473-BDF3-4123-A814-1B3F61C0AD0A}.Release|Any CPU.Build.0 = Release|Any CPU
		{454BB9BC-3567-496C-AA8E-C6478ECBFFC4}.Debug|Any CPU.ActiveCfg = Debug|Any CPU
		{454BB9BC-3567-496C-AA8E-C6478ECBFFC4}.Debug|Any CPU.Build.0 = Debug|Any CPU
		{454BB9BC-3567-496C-AA8E-C6478ECBFFC4}.Release|Any CPU.ActiveCfg = Release|Any CPU
		{454BB9BC-3567-496C-AA8E-C6478ECBFFC4}.Release|Any CPU.Build.0 = Release|Any CPU
		{EC76D3A1-D9D5-48A5-8052-DBD7C6F5115A}.Debug|Any CPU.ActiveCfg = Debug|Any CPU
		{EC76D3A1-D9D5-48A5-8052-DBD7C6F5115A}.Debug|Any CPU.Build.0 = Debug|Any CPU
		{EC76D3A1-D9D5-48A5-8052-DBD7C6F5115A}.Release|Any CPU.ActiveCfg = Release|Any CPU
		{EC76D3A1-D9D5-48A5-8052-DBD7C6F5115A}.Release|Any CPU.Build.0 = Release|Any CPU
		{DD4DD574-820E-4990-9416-B94CC5946EB9}.Debug|Any CPU.ActiveCfg = Debug|Any CPU
		{DD4DD574-820E-4990-9416-B94CC5946EB9}.Debug|Any CPU.Build.0 = Debug|Any CPU
		{DD4DD574-820E-4990-9416-B94CC5946EB9}.Release|Any CPU.ActiveCfg = Release|Any CPU
		{DD4DD574-820E-4990-9416-B94CC5946EB9}.Release|Any CPU.Build.0 = Release|Any CPU
		{05431AD4-F1D2-4E77-B6FA-FE635C844A8D}.Debug|Any CPU.ActiveCfg = Debug|Any CPU
		{05431AD4-F1D2-4E77-B6FA-FE635C844A8D}.Debug|Any CPU.Build.0 = Debug|Any CPU
		{05431AD4-F1D2-4E77-B6FA-FE635C844A8D}.Release|Any CPU.ActiveCfg = Release|Any CPU
		{05431AD4-F1D2-4E77-B6FA-FE635C844A8D}.Release|Any CPU.Build.0 = Release|Any CPU
		{0A5D7024-FAAE-42C5-9663-F37E6EF89581}.Debug|Any CPU.ActiveCfg = Debug|Any CPU
		{0A5D7024-FAAE-42C5-9663-F37E6EF89581}.Debug|Any CPU.Build.0 = Debug|Any CPU
		{0A5D7024-FAAE-42C5-9663-F37E6EF89581}.Release|Any CPU.ActiveCfg = Release|Any CPU
		{0A5D7024-FAAE-42C5-9663-F37E6EF89581}.Release|Any CPU.Build.0 = Release|Any CPU
		{7913460D-2CCC-4102-B359-46DC3AD78B2F}.Debug|Any CPU.ActiveCfg = Debug|Any CPU
		{7913460D-2CCC-4102-B359-46DC3AD78B2F}.Debug|Any CPU.Build.0 = Debug|Any CPU
		{7913460D-2CCC-4102-B359-46DC3AD78B2F}.Release|Any CPU.ActiveCfg = Release|Any CPU
		{7913460D-2CCC-4102-B359-46DC3AD78B2F}.Release|Any CPU.Build.0 = Release|Any CPU
		{9B1C2D73-394D-4B71-B683-4B44AB4526F7}.Debug|Any CPU.ActiveCfg = Debug|Any CPU
		{9B1C2D73-394D-4B71-B683-4B44AB4526F7}.Debug|Any CPU.Build.0 = Debug|Any CPU
		{9B1C2D73-394D-4B71-B683-4B44AB4526F7}.Release|Any CPU.ActiveCfg = Release|Any CPU
		{9B1C2D73-394D-4B71-B683-4B44AB4526F7}.Release|Any CPU.Build.0 = Release|Any CPU
		{AF62EFE0-AE1D-4E9C-B169-8C5208E99D90}.Debug|Any CPU.ActiveCfg = Debug|Any CPU
		{AF62EFE0-AE1D-4E9C-B169-8C5208E99D90}.Debug|Any CPU.Build.0 = Debug|Any CPU
		{AF62EFE0-AE1D-4E9C-B169-8C5208E99D90}.Release|Any CPU.ActiveCfg = Release|Any CPU
		{AF62EFE0-AE1D-4E9C-B169-8C5208E99D90}.Release|Any CPU.Build.0 = Release|Any CPU
		{61A091BE-F419-4FC6-B6D1-C710CF362BE3}.Debug|Any CPU.ActiveCfg = Debug|Any CPU
		{61A091BE-F419-4FC6-B6D1-C710CF362BE3}.Debug|Any CPU.Build.0 = Debug|Any CPU
		{61A091BE-F419-4FC6-B6D1-C710CF362BE3}.Release|Any CPU.ActiveCfg = Release|Any CPU
		{61A091BE-F419-4FC6-B6D1-C710CF362BE3}.Release|Any CPU.Build.0 = Release|Any CPU
		{5591D661-E9BE-44FE-AF5E-A81964DA66DF}.Debug|Any CPU.ActiveCfg = Debug|Any CPU
		{5591D661-E9BE-44FE-AF5E-A81964DA66DF}.Debug|Any CPU.Build.0 = Debug|Any CPU
		{5591D661-E9BE-44FE-AF5E-A81964DA66DF}.Release|Any CPU.ActiveCfg = Release|Any CPU
		{5591D661-E9BE-44FE-AF5E-A81964DA66DF}.Release|Any CPU.Build.0 = Release|Any CPU
		{06C3E0C7-5762-43F2-9F31-AFF5C291DCBB}.Debug|Any CPU.ActiveCfg = Debug|Any CPU
		{06C3E0C7-5762-43F2-9F31-AFF5C291DCBB}.Debug|Any CPU.Build.0 = Debug|Any CPU
		{06C3E0C7-5762-43F2-9F31-AFF5C291DCBB}.Release|Any CPU.ActiveCfg = Release|Any CPU
		{06C3E0C7-5762-43F2-9F31-AFF5C291DCBB}.Release|Any CPU.Build.0 = Release|Any CPU
		{BA621354-E031-4FE4-9542-7F41DB0C6FA5}.Debug|Any CPU.ActiveCfg = Debug|Any CPU
		{BA621354-E031-4FE4-9542-7F41DB0C6FA5}.Debug|Any CPU.Build.0 = Debug|Any CPU
		{BA621354-E031-4FE4-9542-7F41DB0C6FA5}.Release|Any CPU.ActiveCfg = Release|Any CPU
		{BA621354-E031-4FE4-9542-7F41DB0C6FA5}.Release|Any CPU.Build.0 = Release|Any CPU
		{8E2917E9-86E7-4C9D-BA9D-136DF3C226DC}.Debug|Any CPU.ActiveCfg = Debug|Any CPU
		{8E2917E9-86E7-4C9D-BA9D-136DF3C226DC}.Debug|Any CPU.Build.0 = Debug|Any CPU
		{8E2917E9-86E7-4C9D-BA9D-136DF3C226DC}.Release|Any CPU.ActiveCfg = Release|Any CPU
		{8E2917E9-86E7-4C9D-BA9D-136DF3C226DC}.Release|Any CPU.Build.0 = Release|Any CPU
		{7223DA49-C402-4B7F-AC1A-B4185E47044E}.Debug|Any CPU.ActiveCfg = Debug|Any CPU
		{7223DA49-C402-4B7F-AC1A-B4185E47044E}.Debug|Any CPU.Build.0 = Debug|Any CPU
		{7223DA49-C402-4B7F-AC1A-B4185E47044E}.Release|Any CPU.ActiveCfg = Release|Any CPU
		{7223DA49-C402-4B7F-AC1A-B4185E47044E}.Release|Any CPU.Build.0 = Release|Any CPU
		{59E9EC19-E624-4518-9ACD-B3723D493193}.Debug|Any CPU.ActiveCfg = Debug|Any CPU
		{59E9EC19-E624-4518-9ACD-B3723D493193}.Debug|Any CPU.Build.0 = Debug|Any CPU
		{59E9EC19-E624-4518-9ACD-B3723D493193}.Release|Any CPU.ActiveCfg = Release|Any CPU
		{59E9EC19-E624-4518-9ACD-B3723D493193}.Release|Any CPU.Build.0 = Release|Any CPU
		{BD994678-DD40-4C8E-AADF-3AE84960466F}.Debug|Any CPU.ActiveCfg = Debug|Any CPU
		{BD994678-DD40-4C8E-AADF-3AE84960466F}.Debug|Any CPU.Build.0 = Debug|Any CPU
		{BD994678-DD40-4C8E-AADF-3AE84960466F}.Release|Any CPU.ActiveCfg = Release|Any CPU
		{BD994678-DD40-4C8E-AADF-3AE84960466F}.Release|Any CPU.Build.0 = Release|Any CPU
		{B2C14665-C9EF-49F4-80B4-594E3852BB11}.Debug|Any CPU.ActiveCfg = Debug|Any CPU
		{B2C14665-C9EF-49F4-80B4-594E3852BB11}.Debug|Any CPU.Build.0 = Debug|Any CPU
		{B2C14665-C9EF-49F4-80B4-594E3852BB11}.Release|Any CPU.ActiveCfg = Release|Any CPU
		{B2C14665-C9EF-49F4-80B4-594E3852BB11}.Release|Any CPU.Build.0 = Release|Any CPU
		{51CE733A-900C-4877-84BC-CD85C4913030}.Debug|Any CPU.ActiveCfg = Debug|Any CPU
		{51CE733A-900C-4877-84BC-CD85C4913030}.Debug|Any CPU.Build.0 = Debug|Any CPU
		{51CE733A-900C-4877-84BC-CD85C4913030}.Release|Any CPU.ActiveCfg = Release|Any CPU
		{51CE733A-900C-4877-84BC-CD85C4913030}.Release|Any CPU.Build.0 = Release|Any CPU
		{A2A3FBB1-A2A1-4219-9844-4E60CE07A44E}.Debug|Any CPU.ActiveCfg = Debug|Any CPU
		{A2A3FBB1-A2A1-4219-9844-4E60CE07A44E}.Debug|Any CPU.Build.0 = Debug|Any CPU
		{A2A3FBB1-A2A1-4219-9844-4E60CE07A44E}.Release|Any CPU.ActiveCfg = Release|Any CPU
		{A2A3FBB1-A2A1-4219-9844-4E60CE07A44E}.Release|Any CPU.Build.0 = Release|Any CPU
	EndGlobalSection
	GlobalSection(SolutionProperties) = preSolution
		HideSolutionNode = FALSE
	EndGlobalSection
	GlobalSection(NestedProjects) = preSolution
		{6CDC3AAE-48BF-408E-A554-028916847682} = {B66A038D-89B1-4317-BD2D-85C054B7CA12}
		{D98CEFE4-06DB-4F43-B6C8-2FBEB40435E1} = {B66A038D-89B1-4317-BD2D-85C054B7CA12}
		{1CBAA357-9855-4551-8D96-8E576150EDB2} = {B66A038D-89B1-4317-BD2D-85C054B7CA12}
		{DAFDF6EE-8018-4DA1-9018-1BFCF3D439BF} = {B66A038D-89B1-4317-BD2D-85C054B7CA12}
		{2868B473-BDF3-4123-A814-1B3F61C0AD0A} = {C7375F97-1086-40C2-A1AD-43E3731F0987}
		{454BB9BC-3567-496C-AA8E-C6478ECBFFC4} = {B66A038D-89B1-4317-BD2D-85C054B7CA12}
		{EC76D3A1-D9D5-48A5-8052-DBD7C6F5115A} = {C7375F97-1086-40C2-A1AD-43E3731F0987}
		{DD4DD574-820E-4990-9416-B94CC5946EB9} = {C7375F97-1086-40C2-A1AD-43E3731F0987}
		{05431AD4-F1D2-4E77-B6FA-FE635C844A8D} = {C7375F97-1086-40C2-A1AD-43E3731F0987}
		{0A5D7024-FAAE-42C5-9663-F37E6EF89581} = {B66A038D-89B1-4317-BD2D-85C054B7CA12}
		{7913460D-2CCC-4102-B359-46DC3AD78B2F} = {B66A038D-89B1-4317-BD2D-85C054B7CA12}
		{E40BA90C-AF91-4D0B-A6BB-EA38BE3DB64F} = {0AF50D50-8827-4EE7-BA50-79DDCED4B1F6}
		{EB4A5585-B06C-492D-B1C8-451FC1EEBAD2} = {0AF50D50-8827-4EE7-BA50-79DDCED4B1F6}
		{AAE4D9F2-DC90-481C-A95C-9190F77D455D} = {0AF50D50-8827-4EE7-BA50-79DDCED4B1F6}
		{9B1C2D73-394D-4B71-B683-4B44AB4526F7} = {AAE4D9F2-DC90-481C-A95C-9190F77D455D}
		{AF62EFE0-AE1D-4E9C-B169-8C5208E99D90} = {AAE4D9F2-DC90-481C-A95C-9190F77D455D}
		{61A091BE-F419-4FC6-B6D1-C710CF362BE3} = {E40BA90C-AF91-4D0B-A6BB-EA38BE3DB64F}
		{5591D661-E9BE-44FE-AF5E-A81964DA66DF} = {E40BA90C-AF91-4D0B-A6BB-EA38BE3DB64F}
		{06C3E0C7-5762-43F2-9F31-AFF5C291DCBB} = {E40BA90C-AF91-4D0B-A6BB-EA38BE3DB64F}
		{BA621354-E031-4FE4-9542-7F41DB0C6FA5} = {EB4A5585-B06C-492D-B1C8-451FC1EEBAD2}
		{8E2917E9-86E7-4C9D-BA9D-136DF3C226DC} = {EB4A5585-B06C-492D-B1C8-451FC1EEBAD2}
		{7223DA49-C402-4B7F-AC1A-B4185E47044E} = {B66A038D-89B1-4317-BD2D-85C054B7CA12}
		{59E9EC19-E624-4518-9ACD-B3723D493193} = {B66A038D-89B1-4317-BD2D-85C054B7CA12}
		{BD994678-DD40-4C8E-AADF-3AE84960466F} = {B66A038D-89B1-4317-BD2D-85C054B7CA12}
		{B2C14665-C9EF-49F4-80B4-594E3852BB11} = {EB4A5585-B06C-492D-B1C8-451FC1EEBAD2}
		{51CE733A-900C-4877-84BC-CD85C4913030} = {EB4A5585-B06C-492D-B1C8-451FC1EEBAD2}
		{A2A3FBB1-A2A1-4219-9844-4E60CE07A44E} = {EB4A5585-B06C-492D-B1C8-451FC1EEBAD2}
	EndGlobalSection
	GlobalSection(ExtensibilityGlobals) = postSolution
		SolutionGuid = {E929A830-61A1-48FF-9596-23961F1A08C4}
	EndGlobalSection
EndGlobal
