
Microsoft Visual Studio Solution File, Format Version 12.00
# Visual Studio Version 17
VisualStudioVersion = 17.14.36811.4
MinimumVisualStudioVersion = 10.0.40219.1
Project("{2150E333-8FDC-42A3-9474-1A3956D46DE8}") = "Services", "Services", "{02EA681E-C7D8-13C7-8484-4AC65E1B71E8}"
EndProject
Project("{FAE04EC0-301F-11D3-BF4B-00C04F79EFBC}") = "CrewChecker", "Services\CrewChecker\CrewChecker.csproj", "{8E014A7B-F384-9AB4-46F7-EEA623D45F4C}"
EndProject
Project("{2150E333-8FDC-42A3-9474-1A3956D46DE8}") = "Shareds", "Shareds", "{61966129-E958-4E7E-A9ED-09BED75EE87C}"
EndProject
Project("{FAE04EC0-301F-11D3-BF4B-00C04F79EFBC}") = "Commons", "Shareds\Commons\Commons.csproj", "{14ED5D3C-C292-ED4B-2473-338E23576BBA}"
EndProject
Project("{FAE04EC0-301F-11D3-BF4B-00C04F79EFBC}") = "DatabaseConnector", "Services\DatabaseConnector\DatabaseConnector.csproj", "{B46A6DA8-FE5B-20CB-E1A6-66E65C2ED570}"
EndProject
Project("{FAE04EC0-301F-11D3-BF4B-00C04F79EFBC}") = "Message2LegConverter", "Services\Message2LegConverter\Message2LegConverter.csproj", "{17840692-C7F0-3892-9B89-1879FCC883E5}"
EndProject
Project("{FAE04EC0-301F-11D3-BF4B-00C04F79EFBC}") = "Message2TrainRunConverter", "Services\Message2TrainRunConverter\Message2TrainRunConverter.csproj", "{5E064476-83B1-B224-5D17-CAAE1551FAE8}"
EndProject
Project("{FAE04EC0-301F-11D3-BF4B-00C04F79EFBC}") = "MQTTReceiver", "Services\MQTTReceiver\MQTTReceiver.csproj", "{09EE402C-4474-E2DD-89C0-61050A3E260F}"
EndProject
Project("{FAE04EC0-301F-11D3-BF4B-00C04F79EFBC}") = "MulticastReceiver", "Services\MulticastReceiver\MulticastReceiver.csproj", "{4BAF5DD3-B441-185C-9A10-1F38B7CD036D}"
EndProject
Project("{FAE04EC0-301F-11D3-BF4B-00C04F79EFBC}") = "RealtimeSender", "Services\RealtimeSender\RealtimeSender.csproj", "{DD7358E2-E560-653B-B153-7CE2BBF76B62}"
EndProject
Project("{FAE04EC0-301F-11D3-BF4B-00C04F79EFBC}") = "RealtimeSenderIS", "Services\RealtimeSenderIS\RealtimeSenderIS.csproj", "{E7B8866A-FE12-FF2E-D1FF-17315E4ECEF7}"
EndProject
Project("{FAE04EC0-301F-11D3-BF4B-00C04F79EFBC}") = "StateHandler", "Services\StateHandler\StateHandler.csproj", "{16E29A3F-A219-D551-EF61-20B3F7720C6C}"
EndProject
Project("{FAE04EC0-301F-11D3-BF4B-00C04F79EFBC}") = "TrainPathSender", "Services\TrainPathSender\TrainPathSender.csproj", "{0E4BB189-3B7C-7210-303C-BFA4348F6A12}"
EndProject
Project("{2150E333-8FDC-42A3-9474-1A3956D46DE8}") = "Workers", "Workers", "{E8966877-AC70-4626-A2C6-CAE37E11D319}"
EndProject
Project("{FAE04EC0-301F-11D3-BF4B-00C04F79EFBC}") = "Crew", "Workers\Crew\Crew.csproj", "{8B3FBDBA-2878-4778-A1CF-5408883B3009}"
EndProject
Project("{FAE04EC0-301F-11D3-BF4B-00C04F79EFBC}") = "Host", "Shareds\Host\Host.csproj", "{4B61EAD2-F209-7559-FCB4-59DC8C94E6E2}"
EndProject
Project("{FAE04EC0-301F-11D3-BF4B-00C04F79EFBC}") = "Base", "Workers\Base\Base.csproj", "{FD6704D9-699E-470E-A077-D03A04876FF7}"
EndProject
Project("{FAE04EC0-301F-11D3-BF4B-00C04F79EFBC}") = "Path", "Workers\Path\Path.csproj", "{1DFCB5B6-906F-469B-9231-7ACAD023AC84}"
EndProject
Project("{FAE04EC0-301F-11D3-BF4B-00C04F79EFBC}") = "Vehicle", "Workers\Vehicle\Vehicle.csproj", "{7FAA26E7-75C6-4E65-BCA5-6CF3BE9CD7E2}"
EndProject
Project("{2150E333-8FDC-42A3-9474-1A3956D46DE8}") = "Solution", "Solution", "{6C8739AB-48C3-4B25-A9E1-51CB11D15A0A}"
	ProjectSection(SolutionItems) = preProject
		Additionals\README.md = Additionals\README.md
	EndProjectSection
EndProject
Project("{2150E333-8FDC-42A3-9474-1A3956D46DE8}") = "Scripts", "Scripts", "{24E9DED3-BE63-47F8-A2CC-D8CA8E19DA48}"
	ProjectSection(SolutionItems) = preProject
		Additionals\Scripts\BuildSolution.ps1 = Additionals\Scripts\BuildSolution.ps1
		Additionals\Scripts\CheckLicenses.bat = Additionals\Scripts\CheckLicenses.bat
		Additionals\Scripts\CleanContents.bat = Additionals\Scripts\CleanContents.bat
		Additionals\Scripts\HideDotFiles.bat = Additionals\Scripts\HideDotFiles.bat
	EndProjectSection
EndProject
Project("{2150E333-8FDC-42A3-9474-1A3956D46DE8}") = "Docker", "Docker", "{15B52042-0A70-423A-BA7A-862FDD9951DC}"
	ProjectSection(SolutionItems) = preProject
		.dockerignore = .dockerignore
		docker-compose.yml = docker-compose.yml
	EndProjectSection
EndProject
Project("{2150E333-8FDC-42A3-9474-1A3956D46DE8}") = "Tests", "Tests", "{0159D25E-7197-4DCC-8FDB-5C0272B3DD61}"
EndProject
Project("{2150E333-8FDC-42A3-9474-1A3956D46DE8}") = "Shareds", "Shareds", "{7F36D89E-C050-4C0A-B552-544A6554E05A}"
EndProject
Project("{2150E333-8FDC-42A3-9474-1A3956D46DE8}") = "Workers", "Workers", "{70BE33B4-8F42-416A-B539-52B7708DF091}"
EndProject
Project("{FAE04EC0-301F-11D3-BF4B-00C04F79EFBC}") = "CommonsTests", "Tests\Shareds\CommonsTests\CommonsTests.csproj", "{EB76D45B-3437-60E0-0096-D9541BB6732E}"
EndProject
Project("{FAE04EC0-301F-11D3-BF4B-00C04F79EFBC}") = "TestsBase", "Tests\Shareds\TestsBase\TestsBase.csproj", "{5E3B1A2F-C71C-203B-7200-118012EC48D4}"
EndProject
Project("{2150E333-8FDC-42A3-9474-1A3956D46DE8}") = "Services", "Services", "{EFBB8301-1756-4608-9FBE-038D6F401C00}"
EndProject
Project("{FAE04EC0-301F-11D3-BF4B-00C04F79EFBC}") = "CrewCheckerTests", "Tests\Services\CrewChecker\CrewCheckerTests.csproj", "{E3D30898-5C12-3E6C-56BF-E9029E5C03F4}"
EndProject
Project("{FAE04EC0-301F-11D3-BF4B-00C04F79EFBC}") = "DatabaseConnectorTests", "Tests\Services\DatabaseConnector\DatabaseConnectorTests.csproj", "{4A4ECDD3-F24F-76A8-94AF-46D1706DD7AC}"
EndProject
Project("{FAE04EC0-301F-11D3-BF4B-00C04F79EFBC}") = "MQTTReceiverTests", "Tests\Services\MQTTReceiver\MQTTReceiverTests.csproj", "{AA2760BE-3721-DA41-7CB0-6B4D0FC271BA}"
EndProject
Project("{FAE04EC0-301F-11D3-BF4B-00C04F79EFBC}") = "RealTimeSenderTests", "Tests\Services\RealTimeSender\RealTimeSenderTests.csproj", "{3E52E2B7-3A2D-C78C-A473-C5612031A3D2}"
EndProject
Project("{FAE04EC0-301F-11D3-BF4B-00C04F79EFBC}") = "TrainPathSenderTests", "Tests\Services\TrainPathSender\TrainPathSenderTests.csproj", "{AAFB0FA6-BA00-6084-D77C-63ADC3B17C32}"
EndProject
Project("{FAE04EC0-301F-11D3-BF4B-00C04F79EFBC}") = "CrewWorkerTests", "Tests\Workers\Crew\CrewWorkerTests.csproj", "{20497138-ACAF-E2F3-FD4F-08AC2E8ED419}"
EndProject
Project("{FAE04EC0-301F-11D3-BF4B-00C04F79EFBC}") = "PathWorkerTests", "Tests\Workers\Path\PathWorkerTests.csproj", "{E0CE6916-EB6E-4EE7-DD60-D75AB8357DC8}"
EndProject
Project("{FAE04EC0-301F-11D3-BF4B-00C04F79EFBC}") = "VehicleWorkerTests", "Tests\Workers\Vehicle\VehicleWorkerTests.csproj", "{CB3B7B45-AA06-7306-FDEE-C64EA57FACC5}"
EndProject
Global
	GlobalSection(SolutionConfigurationPlatforms) = preSolution
		Debug|Any CPU = Debug|Any CPU
		Release|Any CPU = Release|Any CPU
	EndGlobalSection
	GlobalSection(ProjectConfigurationPlatforms) = postSolution
		{8E014A7B-F384-9AB4-46F7-EEA623D45F4C}.Debug|Any CPU.ActiveCfg = Debug|Any CPU
		{8E014A7B-F384-9AB4-46F7-EEA623D45F4C}.Debug|Any CPU.Build.0 = Debug|Any CPU
		{8E014A7B-F384-9AB4-46F7-EEA623D45F4C}.Release|Any CPU.ActiveCfg = Release|Any CPU
		{8E014A7B-F384-9AB4-46F7-EEA623D45F4C}.Release|Any CPU.Build.0 = Release|Any CPU
		{14ED5D3C-C292-ED4B-2473-338E23576BBA}.Debug|Any CPU.ActiveCfg = Debug|Any CPU
		{14ED5D3C-C292-ED4B-2473-338E23576BBA}.Debug|Any CPU.Build.0 = Debug|Any CPU
		{14ED5D3C-C292-ED4B-2473-338E23576BBA}.Release|Any CPU.ActiveCfg = Release|Any CPU
		{14ED5D3C-C292-ED4B-2473-338E23576BBA}.Release|Any CPU.Build.0 = Release|Any CPU
		{B46A6DA8-FE5B-20CB-E1A6-66E65C2ED570}.Debug|Any CPU.ActiveCfg = Debug|Any CPU
		{B46A6DA8-FE5B-20CB-E1A6-66E65C2ED570}.Debug|Any CPU.Build.0 = Debug|Any CPU
		{B46A6DA8-FE5B-20CB-E1A6-66E65C2ED570}.Release|Any CPU.ActiveCfg = Release|Any CPU
		{B46A6DA8-FE5B-20CB-E1A6-66E65C2ED570}.Release|Any CPU.Build.0 = Release|Any CPU
		{17840692-C7F0-3892-9B89-1879FCC883E5}.Debug|Any CPU.ActiveCfg = Debug|Any CPU
		{17840692-C7F0-3892-9B89-1879FCC883E5}.Debug|Any CPU.Build.0 = Debug|Any CPU
		{17840692-C7F0-3892-9B89-1879FCC883E5}.Release|Any CPU.ActiveCfg = Release|Any CPU
		{17840692-C7F0-3892-9B89-1879FCC883E5}.Release|Any CPU.Build.0 = Release|Any CPU
		{5E064476-83B1-B224-5D17-CAAE1551FAE8}.Debug|Any CPU.ActiveCfg = Debug|Any CPU
		{5E064476-83B1-B224-5D17-CAAE1551FAE8}.Debug|Any CPU.Build.0 = Debug|Any CPU
		{5E064476-83B1-B224-5D17-CAAE1551FAE8}.Release|Any CPU.ActiveCfg = Release|Any CPU
		{5E064476-83B1-B224-5D17-CAAE1551FAE8}.Release|Any CPU.Build.0 = Release|Any CPU
		{09EE402C-4474-E2DD-89C0-61050A3E260F}.Debug|Any CPU.ActiveCfg = Debug|Any CPU
		{09EE402C-4474-E2DD-89C0-61050A3E260F}.Debug|Any CPU.Build.0 = Debug|Any CPU
		{09EE402C-4474-E2DD-89C0-61050A3E260F}.Release|Any CPU.ActiveCfg = Release|Any CPU
		{09EE402C-4474-E2DD-89C0-61050A3E260F}.Release|Any CPU.Build.0 = Release|Any CPU
		{4BAF5DD3-B441-185C-9A10-1F38B7CD036D}.Debug|Any CPU.ActiveCfg = Debug|Any CPU
		{4BAF5DD3-B441-185C-9A10-1F38B7CD036D}.Debug|Any CPU.Build.0 = Debug|Any CPU
		{4BAF5DD3-B441-185C-9A10-1F38B7CD036D}.Release|Any CPU.ActiveCfg = Release|Any CPU
		{4BAF5DD3-B441-185C-9A10-1F38B7CD036D}.Release|Any CPU.Build.0 = Release|Any CPU
		{DD7358E2-E560-653B-B153-7CE2BBF76B62}.Debug|Any CPU.ActiveCfg = Debug|Any CPU
		{DD7358E2-E560-653B-B153-7CE2BBF76B62}.Debug|Any CPU.Build.0 = Debug|Any CPU
		{DD7358E2-E560-653B-B153-7CE2BBF76B62}.Release|Any CPU.ActiveCfg = Release|Any CPU
		{DD7358E2-E560-653B-B153-7CE2BBF76B62}.Release|Any CPU.Build.0 = Release|Any CPU
		{E7B8866A-FE12-FF2E-D1FF-17315E4ECEF7}.Debug|Any CPU.ActiveCfg = Debug|Any CPU
		{E7B8866A-FE12-FF2E-D1FF-17315E4ECEF7}.Debug|Any CPU.Build.0 = Debug|Any CPU
		{E7B8866A-FE12-FF2E-D1FF-17315E4ECEF7}.Release|Any CPU.ActiveCfg = Release|Any CPU
		{E7B8866A-FE12-FF2E-D1FF-17315E4ECEF7}.Release|Any CPU.Build.0 = Release|Any CPU
		{16E29A3F-A219-D551-EF61-20B3F7720C6C}.Debug|Any CPU.ActiveCfg = Debug|Any CPU
		{16E29A3F-A219-D551-EF61-20B3F7720C6C}.Debug|Any CPU.Build.0 = Debug|Any CPU
		{16E29A3F-A219-D551-EF61-20B3F7720C6C}.Release|Any CPU.ActiveCfg = Release|Any CPU
		{16E29A3F-A219-D551-EF61-20B3F7720C6C}.Release|Any CPU.Build.0 = Release|Any CPU
		{0E4BB189-3B7C-7210-303C-BFA4348F6A12}.Debug|Any CPU.ActiveCfg = Debug|Any CPU
		{0E4BB189-3B7C-7210-303C-BFA4348F6A12}.Debug|Any CPU.Build.0 = Debug|Any CPU
		{0E4BB189-3B7C-7210-303C-BFA4348F6A12}.Release|Any CPU.ActiveCfg = Release|Any CPU
		{0E4BB189-3B7C-7210-303C-BFA4348F6A12}.Release|Any CPU.Build.0 = Release|Any CPU
		{8B3FBDBA-2878-4778-A1CF-5408883B3009}.Debug|Any CPU.ActiveCfg = Debug|Any CPU
		{8B3FBDBA-2878-4778-A1CF-5408883B3009}.Debug|Any CPU.Build.0 = Debug|Any CPU
		{8B3FBDBA-2878-4778-A1CF-5408883B3009}.Release|Any CPU.ActiveCfg = Release|Any CPU
		{8B3FBDBA-2878-4778-A1CF-5408883B3009}.Release|Any CPU.Build.0 = Release|Any CPU
		{4B61EAD2-F209-7559-FCB4-59DC8C94E6E2}.Debug|Any CPU.ActiveCfg = Debug|Any CPU
		{4B61EAD2-F209-7559-FCB4-59DC8C94E6E2}.Debug|Any CPU.Build.0 = Debug|Any CPU
		{4B61EAD2-F209-7559-FCB4-59DC8C94E6E2}.Release|Any CPU.ActiveCfg = Release|Any CPU
		{4B61EAD2-F209-7559-FCB4-59DC8C94E6E2}.Release|Any CPU.Build.0 = Release|Any CPU
		{FD6704D9-699E-470E-A077-D03A04876FF7}.Debug|Any CPU.ActiveCfg = Debug|Any CPU
		{FD6704D9-699E-470E-A077-D03A04876FF7}.Debug|Any CPU.Build.0 = Debug|Any CPU
		{FD6704D9-699E-470E-A077-D03A04876FF7}.Release|Any CPU.ActiveCfg = Release|Any CPU
		{FD6704D9-699E-470E-A077-D03A04876FF7}.Release|Any CPU.Build.0 = Release|Any CPU
		{1DFCB5B6-906F-469B-9231-7ACAD023AC84}.Debug|Any CPU.ActiveCfg = Debug|Any CPU
		{1DFCB5B6-906F-469B-9231-7ACAD023AC84}.Debug|Any CPU.Build.0 = Debug|Any CPU
		{1DFCB5B6-906F-469B-9231-7ACAD023AC84}.Release|Any CPU.ActiveCfg = Release|Any CPU
		{1DFCB5B6-906F-469B-9231-7ACAD023AC84}.Release|Any CPU.Build.0 = Release|Any CPU
		{7FAA26E7-75C6-4E65-BCA5-6CF3BE9CD7E2}.Debug|Any CPU.ActiveCfg = Debug|Any CPU
		{7FAA26E7-75C6-4E65-BCA5-6CF3BE9CD7E2}.Debug|Any CPU.Build.0 = Debug|Any CPU
		{7FAA26E7-75C6-4E65-BCA5-6CF3BE9CD7E2}.Release|Any CPU.ActiveCfg = Release|Any CPU
		{7FAA26E7-75C6-4E65-BCA5-6CF3BE9CD7E2}.Release|Any CPU.Build.0 = Release|Any CPU
		{EB76D45B-3437-60E0-0096-D9541BB6732E}.Debug|Any CPU.ActiveCfg = Debug|Any CPU
		{EB76D45B-3437-60E0-0096-D9541BB6732E}.Debug|Any CPU.Build.0 = Debug|Any CPU
		{EB76D45B-3437-60E0-0096-D9541BB6732E}.Release|Any CPU.ActiveCfg = Release|Any CPU
		{EB76D45B-3437-60E0-0096-D9541BB6732E}.Release|Any CPU.Build.0 = Release|Any CPU
		{5E3B1A2F-C71C-203B-7200-118012EC48D4}.Debug|Any CPU.ActiveCfg = Debug|Any CPU
		{5E3B1A2F-C71C-203B-7200-118012EC48D4}.Debug|Any CPU.Build.0 = Debug|Any CPU
		{5E3B1A2F-C71C-203B-7200-118012EC48D4}.Release|Any CPU.ActiveCfg = Release|Any CPU
		{5E3B1A2F-C71C-203B-7200-118012EC48D4}.Release|Any CPU.Build.0 = Release|Any CPU
		{E3D30898-5C12-3E6C-56BF-E9029E5C03F4}.Debug|Any CPU.ActiveCfg = Debug|Any CPU
		{E3D30898-5C12-3E6C-56BF-E9029E5C03F4}.Debug|Any CPU.Build.0 = Debug|Any CPU
		{E3D30898-5C12-3E6C-56BF-E9029E5C03F4}.Release|Any CPU.ActiveCfg = Release|Any CPU
		{E3D30898-5C12-3E6C-56BF-E9029E5C03F4}.Release|Any CPU.Build.0 = Release|Any CPU
		{4A4ECDD3-F24F-76A8-94AF-46D1706DD7AC}.Debug|Any CPU.ActiveCfg = Debug|Any CPU
		{4A4ECDD3-F24F-76A8-94AF-46D1706DD7AC}.Debug|Any CPU.Build.0 = Debug|Any CPU
		{4A4ECDD3-F24F-76A8-94AF-46D1706DD7AC}.Release|Any CPU.ActiveCfg = Release|Any CPU
		{4A4ECDD3-F24F-76A8-94AF-46D1706DD7AC}.Release|Any CPU.Build.0 = Release|Any CPU
		{AA2760BE-3721-DA41-7CB0-6B4D0FC271BA}.Debug|Any CPU.ActiveCfg = Debug|Any CPU
		{AA2760BE-3721-DA41-7CB0-6B4D0FC271BA}.Debug|Any CPU.Build.0 = Debug|Any CPU
		{AA2760BE-3721-DA41-7CB0-6B4D0FC271BA}.Release|Any CPU.ActiveCfg = Release|Any CPU
		{AA2760BE-3721-DA41-7CB0-6B4D0FC271BA}.Release|Any CPU.Build.0 = Release|Any CPU
		{3E52E2B7-3A2D-C78C-A473-C5612031A3D2}.Debug|Any CPU.ActiveCfg = Debug|Any CPU
		{3E52E2B7-3A2D-C78C-A473-C5612031A3D2}.Debug|Any CPU.Build.0 = Debug|Any CPU
		{3E52E2B7-3A2D-C78C-A473-C5612031A3D2}.Release|Any CPU.ActiveCfg = Release|Any CPU
		{3E52E2B7-3A2D-C78C-A473-C5612031A3D2}.Release|Any CPU.Build.0 = Release|Any CPU
		{AAFB0FA6-BA00-6084-D77C-63ADC3B17C32}.Debug|Any CPU.ActiveCfg = Debug|Any CPU
		{AAFB0FA6-BA00-6084-D77C-63ADC3B17C32}.Debug|Any CPU.Build.0 = Debug|Any CPU
		{AAFB0FA6-BA00-6084-D77C-63ADC3B17C32}.Release|Any CPU.ActiveCfg = Release|Any CPU
		{AAFB0FA6-BA00-6084-D77C-63ADC3B17C32}.Release|Any CPU.Build.0 = Release|Any CPU
		{20497138-ACAF-E2F3-FD4F-08AC2E8ED419}.Debug|Any CPU.ActiveCfg = Debug|Any CPU
		{20497138-ACAF-E2F3-FD4F-08AC2E8ED419}.Debug|Any CPU.Build.0 = Debug|Any CPU
		{20497138-ACAF-E2F3-FD4F-08AC2E8ED419}.Release|Any CPU.ActiveCfg = Release|Any CPU
		{20497138-ACAF-E2F3-FD4F-08AC2E8ED419}.Release|Any CPU.Build.0 = Release|Any CPU
		{E0CE6916-EB6E-4EE7-DD60-D75AB8357DC8}.Debug|Any CPU.ActiveCfg = Debug|Any CPU
		{E0CE6916-EB6E-4EE7-DD60-D75AB8357DC8}.Debug|Any CPU.Build.0 = Debug|Any CPU
		{E0CE6916-EB6E-4EE7-DD60-D75AB8357DC8}.Release|Any CPU.ActiveCfg = Release|Any CPU
		{E0CE6916-EB6E-4EE7-DD60-D75AB8357DC8}.Release|Any CPU.Build.0 = Release|Any CPU
		{CB3B7B45-AA06-7306-FDEE-C64EA57FACC5}.Debug|Any CPU.ActiveCfg = Debug|Any CPU
		{CB3B7B45-AA06-7306-FDEE-C64EA57FACC5}.Debug|Any CPU.Build.0 = Debug|Any CPU
		{CB3B7B45-AA06-7306-FDEE-C64EA57FACC5}.Release|Any CPU.ActiveCfg = Release|Any CPU
		{CB3B7B45-AA06-7306-FDEE-C64EA57FACC5}.Release|Any CPU.Build.0 = Release|Any CPU
	EndGlobalSection
	GlobalSection(SolutionProperties) = preSolution
		HideSolutionNode = FALSE
	EndGlobalSection
	GlobalSection(NestedProjects) = preSolution
		{8E014A7B-F384-9AB4-46F7-EEA623D45F4C} = {02EA681E-C7D8-13C7-8484-4AC65E1B71E8}
		{14ED5D3C-C292-ED4B-2473-338E23576BBA} = {61966129-E958-4E7E-A9ED-09BED75EE87C}
		{B46A6DA8-FE5B-20CB-E1A6-66E65C2ED570} = {02EA681E-C7D8-13C7-8484-4AC65E1B71E8}
		{17840692-C7F0-3892-9B89-1879FCC883E5} = {02EA681E-C7D8-13C7-8484-4AC65E1B71E8}
		{5E064476-83B1-B224-5D17-CAAE1551FAE8} = {02EA681E-C7D8-13C7-8484-4AC65E1B71E8}
		{09EE402C-4474-E2DD-89C0-61050A3E260F} = {02EA681E-C7D8-13C7-8484-4AC65E1B71E8}
		{4BAF5DD3-B441-185C-9A10-1F38B7CD036D} = {02EA681E-C7D8-13C7-8484-4AC65E1B71E8}
		{DD7358E2-E560-653B-B153-7CE2BBF76B62} = {02EA681E-C7D8-13C7-8484-4AC65E1B71E8}
		{E7B8866A-FE12-FF2E-D1FF-17315E4ECEF7} = {02EA681E-C7D8-13C7-8484-4AC65E1B71E8}
		{16E29A3F-A219-D551-EF61-20B3F7720C6C} = {02EA681E-C7D8-13C7-8484-4AC65E1B71E8}
		{0E4BB189-3B7C-7210-303C-BFA4348F6A12} = {02EA681E-C7D8-13C7-8484-4AC65E1B71E8}
		{8B3FBDBA-2878-4778-A1CF-5408883B3009} = {E8966877-AC70-4626-A2C6-CAE37E11D319}
		{FD6704D9-699E-470E-A077-D03A04876FF7} = {E8966877-AC70-4626-A2C6-CAE37E11D319}
		{1DFCB5B6-906F-469B-9231-7ACAD023AC84} = {E8966877-AC70-4626-A2C6-CAE37E11D319}
		{7FAA26E7-75C6-4E65-BCA5-6CF3BE9CD7E2} = {E8966877-AC70-4626-A2C6-CAE37E11D319}
		{24E9DED3-BE63-47F8-A2CC-D8CA8E19DA48} = {6C8739AB-48C3-4B25-A9E1-51CB11D15A0A}
		{15B52042-0A70-423A-BA7A-862FDD9951DC} = {6C8739AB-48C3-4B25-A9E1-51CB11D15A0A}
		{7F36D89E-C050-4C0A-B552-544A6554E05A} = {0159D25E-7197-4DCC-8FDB-5C0272B3DD61}
		{70BE33B4-8F42-416A-B539-52B7708DF091} = {0159D25E-7197-4DCC-8FDB-5C0272B3DD61}
		{EB76D45B-3437-60E0-0096-D9541BB6732E} = {7F36D89E-C050-4C0A-B552-544A6554E05A}
		{5E3B1A2F-C71C-203B-7200-118012EC48D4} = {7F36D89E-C050-4C0A-B552-544A6554E05A}
		{EFBB8301-1756-4608-9FBE-038D6F401C00} = {0159D25E-7197-4DCC-8FDB-5C0272B3DD61}
		{E3D30898-5C12-3E6C-56BF-E9029E5C03F4} = {EFBB8301-1756-4608-9FBE-038D6F401C00}
		{4A4ECDD3-F24F-76A8-94AF-46D1706DD7AC} = {EFBB8301-1756-4608-9FBE-038D6F401C00}
		{AA2760BE-3721-DA41-7CB0-6B4D0FC271BA} = {EFBB8301-1756-4608-9FBE-038D6F401C00}
		{3E52E2B7-3A2D-C78C-A473-C5612031A3D2} = {EFBB8301-1756-4608-9FBE-038D6F401C00}
		{AAFB0FA6-BA00-6084-D77C-63ADC3B17C32} = {EFBB8301-1756-4608-9FBE-038D6F401C00}
		{20497138-ACAF-E2F3-FD4F-08AC2E8ED419} = {70BE33B4-8F42-416A-B539-52B7708DF091}
		{E0CE6916-EB6E-4EE7-DD60-D75AB8357DC8} = {70BE33B4-8F42-416A-B539-52B7708DF091}
		{CB3B7B45-AA06-7306-FDEE-C64EA57FACC5} = {70BE33B4-8F42-416A-B539-52B7708DF091}
	EndGlobalSection
	GlobalSection(ExtensibilityGlobals) = postSolution
		SolutionGuid = {53D82742-D7EB-496A-BF9D-6DF24D9F39A8}
	EndGlobalSection
EndGlobal
