
Microsoft Visual Studio Solution File, Format Version 12.00
# Visual Studio Version 16
VisualStudioVersion = 16.0.29209.62
MinimumVisualStudioVersion = 10.0.40219.1
Project("{FAE04EC0-301F-11D3-BF4B-00C04F79EFBC}") = "_TestUDP", "_TestUDP.csproj", "{D5F13279-7D11-421E-A765-D8A54012899F}"
EndProject
Global
	GlobalSection(SolutionConfigurationPlatforms) = preSolution
		Debug|Any CPU = Debug|Any CPU
		Release|Any CPU = Release|Any CPU
	EndGlobalSection
	GlobalSection(ProjectConfigurationPlatforms) = postSolution
		{D5F13279-7D11-421E-A765-D8A54012899F}.Debug|Any CPU.ActiveCfg = Debug|Any CPU
		{D5F13279-7D11-421E-A765-D8A54012899F}.Debug|Any CPU.Build.0 = Debug|Any CPU
		{D5F13279-7D11-421E-A765-D8A54012899F}.Release|Any CPU.ActiveCfg = Release|Any CPU
		{D5F13279-7D11-421E-A765-D8A54012899F}.Release|Any CPU.Build.0 = Release|Any CPU
	EndGlobalSection
	GlobalSection(SolutionProperties) = preSolution
		HideSolutionNode = FALSE
	EndGlobalSection
	GlobalSection(ExtensibilityGlobals) = postSolution
		SolutionGuid = {24DC3AA9-EDD9-4D8B-93F3-2A532926D5BE}
	EndGlobalSection
EndGlobal
